%{
  "cc_precompiler": {:hex, :cc_precompiler, "0.1.11", "8c844d0b9fb98a3edea067f94f616b3f6b29b959b6b3bf25fee94ffe34364768", [:mix], [{:elixir_make, "~> 0.7", [hex: :elixir_make, repo: "hexpm", optional: false]}], "hexpm", "3427232caf0835f94680e5bcf082408a70b48ad68a5f5c0b02a3bea9f3a075b9"},
  "db_connection": {:hex, :db_connection, "2.10.2", "ae391e803a5adff104da913c2fc1c0c14a37f8b10001dcef568796e1fb7bf95c", [:mix], [{:telemetry, "~> 0.4 or ~> 1.0", [hex: :telemetry, repo: "hexpm", optional: false]}], "hexpm", "510b14482330f1af6490a2fa0efd8d4f1435d1529b165647df22ac0f2df0fa93"},
  "elixir_make": {:hex, :elixir_make, "0.10.0", "16577e2583a79bb79237bbff349619ef5d80afffc07eac6e4faf0d00e2ddaf7d", [:mix], [], "hexpm", "dc1f09fb7fa68866b886abd5f0f3c83553b1a19a52359a899e92af1bb3b31982"},
  "erlexec": {:hex, :erlexec, "2.3.4", "91e8374e269d82cce0d5cbb47ebc8a4810d56474a767a5575ab22b40cf6ff5f9", [:rebar3], [], "hexpm", "ab0c6c3569a9f991fbfe6624961a88688610738589ff9dbad24db9bb27ae233b"},
  "exqlite": {:hex, :exqlite, "0.39.0", "08f8ff646e14d14bab289f4cfc61b95ffc5fe7c82d420049a480eee69ca8b292", [:make, :mix], [{:cc_precompiler, "~> 0.1", [hex: :cc_precompiler, repo: "hexpm", optional: false]}, {:db_connection, "~> 2.1", [hex: :db_connection, repo: "hexpm", optional: false]}, {:elixir_make, "~> 0.8", [hex: :elixir_make, repo: "hexpm", optional: false]}, {:table, "~> 0.1.0", [hex: :table, repo: "hexpm", optional: true]}], "hexpm", "603de0f7637adc88275fa12ccbd58954ff6000f75386e876565b49032d9aede9"},
  "git": {:hex, :git, "0.7.0", "302e08b8ee243a22324bf0277fefc211f28a67fbcdc9752567f6cdfa92b6da34", [:mix], [{:forcola, "~> 0.3", [hex: :forcola, repo: "hexpm", optional: true]}], "hexpm", "f506599d72cff64ebbc03363bba35fb44d71d7efceb4edd5200c1f767e7144ba"},
  "jason": {:hex, :jason, "1.4.5", "2e3a008590b0b8d7388c20293e9dcc9cf3e5d642fd2a114e4cbbb52e595d940a", [:mix], [{:decimal, "~> 1.0 or ~> 2.0 or ~> 3.0", [hex: :decimal, repo: "hexpm", optional: true]}], "hexpm", "b0c823996102bcd0239b3c2444eb00409b72f6a140c1950bc8b457d836b30684"},
  "jido_action": {:hex, :jido_action, "2.3.2", "e52bc949db4dedff523850172555629b29ffaa11fec162e728d5b7e43e7235d5", [:mix], [{:igniter, "~> 0.7", [hex: :igniter, repo: "hexpm", optional: true]}, {:jason, "~> 1.4", [hex: :jason, repo: "hexpm", optional: false]}, {:lua, "~> 0.4 or ~> 1.0.0-rc", [hex: :lua, repo: "hexpm", optional: true]}, {:multigraph, "~> 0.16.1-mg.3", [hex: :multigraph, repo: "hexpm", optional: false]}, {:nimble_options, "~> 1.1", [hex: :nimble_options, repo: "hexpm", optional: false]}, {:req, "~> 0.7.2", [hex: :req, repo: "hexpm", optional: true]}, {:splode, "~> 0.3.0", [hex: :splode, repo: "hexpm", optional: false]}, {:telemetry, "~> 1.3", [hex: :telemetry, repo: "hexpm", optional: false]}, {:zoi, "~> 0.17", [hex: :zoi, repo: "hexpm", optional: false]}], "hexpm", "e6e222e5c8da489de36d637930628d56fb898b072a17cd467d27bf4f5ecb63e4"},
  "jido_harness": {:git, "https://github.com/agentjido/jido_harness.git", "8bf0d52f4fed0d8a9d2594000d8b3a775da16f8b", [ref: "8bf0d52f4fed0d8a9d2594000d8b3a775da16f8b"]},
  "multigraph": {:hex, :multigraph, "0.16.1-mg.4", "2bbe149f5411b0e3bf0624c7bf2e3da2738efeac2f9a67bbbcb807ab171f0a76", [:mix], [], "hexpm", "b9f3e2577cef4658eeedf97c76d22a86d33a7aab702a93c1da9c122e849e9037"},
  "nimble_options": {:hex, :nimble_options, "1.1.1", "e3a492d54d85fc3fd7c5baf411d9d2852922f66e69476317787a7b2bb000a61b", [:mix], [], "hexpm", "821b2470ca9442c4b6984882fe9bb0389371b8ddec4d45a9504f00a66f650b44"},
  "splode": {:hex, :splode, "0.3.2", "7716b6b2260a98a6f018c65cc0393da2cdf17314202eb351a0956e8762190dff", [:mix], [], "hexpm", "08fd658f80da7f1cd254b149164dcff8acd44b22f032001d5416b97223d32bc9"},
  "telemetry": {:hex, :telemetry, "1.4.2", "a0cb522801dffb1c49fe6e30561badffc7b6d0e180db1300df759faa22062855", [:rebar3], [], "hexpm", "928f6495066506077862c0d1646609eed891a4326bee3126ba54b60af61febb1"},
  "toml_elixir": {:hex, :toml_elixir, "3.1.0", "7e3d8803f1e27e0585b13f57e68a37f4b7437c0cf8ad868abd56f10def144dc1", [:mix], [], "hexpm", "95e676725c6d411dd079bb34e2167b505600930280d6c7a51f6000ea669c2f69"},
  "yamerl": {:hex, :yamerl, "0.10.0", "4ff81fee2f1f6a46f1700c0d880b24d193ddb74bd14ef42cb0bcf46e81ef2f8e", [:rebar3], [], "hexpm", "346adb2963f1051dc837a2364e4acf6eb7d80097c0f53cbdc3046ec8ec4b4e6e"},
  "yaml_elixir": {:hex, :yaml_elixir, "2.12.2", "9dd1330fb4cd9a36a7b0f502e5b12486eff632792ee4a5f0eba52a4d4ec32c9c", [:mix], [{:yamerl, "~> 0.10", [hex: :yamerl, repo: "hexpm", optional: false]}], "hexpm", "e7c1b10122f973e6558462d51c39026ba0e14afbc6745318e990ea82cfe9e159"},
  "zoi": {:hex, :zoi, "0.18.7", "0d6b09d19fd1feff4340b7c5660bab04fbc80c1642ee1e5c75f06d527ac326db", [:mix], [{:decimal, "~> 2.0 or ~> 3.0", [hex: :decimal, repo: "hexpm", optional: true]}, {:phoenix_html, "~> 2.14.2 or ~> 3.0 or ~> 4.1", [hex: :phoenix_html, repo: "hexpm", optional: true]}], "hexpm", "5fedddd755dec84a5e78b3671070a5e595026aa3479f7fa566a42b8c4e4e5ff2"},
}
